{
  "name": "vuetify-strapi-dashboard",
  "version": "1.2.32",
  "lockfileVersion": 1,
  "requires": true,
  "dependencies": {
    "@babel/code-frame": {
      "version": "7.12.13",
      "resolved": "https://registry.npmjs.org/@babel/code-frame/-/code-frame-7.12.13.tgz",
      "integrity": "sha512-HV1Cm0Q3ZrpCR93tkWOYiuYIgLxZXZFVG2VgK+MBWjUqZTundupbfx2aXarXuw5Ko5aMcjtJgbSs4vUGBS5v6g==",
      "requires": {
        "@babel/highlight": "^7.12.13"
      }
    },
    "@babel/generator": {
      "version": "7.13.9",
      "resolved": "https://registry.npmjs.org/@babel/generator/-/generator-7.13.9.tgz",
      "integrity": "sha512-mHOOmY0Axl/JCTkxTU6Lf5sWOg/v8nUa+Xkt4zMTftX0wqmb6Sh7J8gvcehBw7q0AhrhAR+FDacKjCZ2X8K+Sw==",
      "requires": {
        "@babel/types": "^7.13.0",
        "jsesc": "^2.5.1",
        "source-map": "^0.5.0"
      }
    },
    "@babel/helper-function-name": {
      "version": "7.12.13",
      "resolved": "https://registry.npmjs.org/@babel/helper-function-name/-/helper-function-name-7.12.13.tgz",
      "integrity": "sha512-TZvmPn0UOqmvi5G4vvw0qZTpVptGkB1GL61R6lKvrSdIxGm5Pky7Q3fpKiIkQCAtRCBUwB0PaThlx9vebCDSwA==",
      "requires": {
        "@babel/helper-get-function-arity": "^7.12.13",
        "@babel/template": "^7.12.13",
        "@babel/types": "^7.12.13"
      }
    },
    "@babel/helper-get-function-arity": {
      "version": "7.12.13",
      "resolved": "https://registry.npmjs.org/@babel/helper-get-function-arity/-/helper-get-function-arity-7.12.13.tgz",
      "integrity": "sha512-DjEVzQNz5LICkzN0REdpD5prGoidvbdYk1BVgRUOINaWJP2t6avB27X1guXK1kXNrX0WMfsrm1A/ZBthYuIMQg==",
      "requires": {
        "@babel/types": "^7.12.13"
      }
    },
    "@babel/helper-split-export-declaration": {
      "version": "7.12.13",
      "resolved": "https://registry.npmjs.org/@babel/helper-split-export-declaration/-/helper-split-export-declaration-7.12.13.tgz",
      "integrity": "sha512-tCJDltF83htUtXx5NLcaDqRmknv652ZWCHyoTETf1CXYJdPC7nohZohjUgieXhv0hTJdRf2FjDueFehdNucpzg==",
      "requires": {
        "@babel/types": "^7.12.13"
      }
    },
    "@babel/helper-validator-identifier": {
      "version": "7.12.11",
      "resolved": "https://registry.npmjs.org/@babel/helper-validator-identifier/-/helper-validator-identifier-7.12.11.tgz",
      "integrity": "sha512-np/lG3uARFybkoHokJUmf1QfEvRVCPbmQeUQpKow5cQ3xWrV9i3rUHodKDJPQfTVX61qKi+UdYk8kik84n7XOw=="
    },
    "@babel/highlight": {
      "version": "7.13.10",
      "resolved": "https://registry.npmjs.org/@babel/highlight/-/highlight-7.13.10.tgz",
      "integrity": "sha512-5aPpe5XQPzflQrFwL1/QoeHkP2MsA4JCntcXHRhEsdsfPVkvPi2w7Qix4iV7t5S/oC9OodGrggd8aco1g3SZFg==",
      "requires": {
        "@babel/helper-validator-identifier": "^7.12.11",
        "chalk": "^2.0.0",
        "js-tokens": "^4.0.0"
      }
    },
    "@babel/parser": {
      "version": "7.13.12",
      "resolved": "https://registry.npmjs.org/@babel/parser/-/parser-7.13.12.tgz",
      "integrity": "sha512-4T7Pb244rxH24yR116LAuJ+adxXXnHhZaLJjegJVKSdoNCe4x1eDBaud5YIcQFcqzsaD5BHvJw5BQ0AZapdCRw=="
    },
    "@babel/template": {
      "version": "7.12.13",
      "resolved": "https://registry.npmjs.org/@babel/template/-/template-7.12.13.tgz",
      "integrity": "sha512-/7xxiGA57xMo/P2GVvdEumr8ONhFOhfgq2ihK3h1e6THqzTAkHbkXgB0xI9yeTfIUoH3+oAeHhqm/I43OTbbjA==",
      "requires": {
        "@babel/code-frame": "^7.12.13",
        "@babel/parser": "^7.12.13",
        "@babel/types": "^7.12.13"
      }
    },
    "@babel/traverse": {
      "version": "7.13.0",
      "resolved": "https://registry.npmjs.org/@babel/traverse/-/traverse-7.13.0.tgz",
      "integrity": "sha512-xys5xi5JEhzC3RzEmSGrs/b3pJW/o87SypZ+G/PhaE7uqVQNv/jlmVIBXuoh5atqQ434LfXV+sf23Oxj0bchJQ==",
      "requires": {
        "@babel/code-frame": "^7.12.13",
        "@babel/generator": "^7.13.0",
        "@babel/helper-function-name": "^7.12.13",
        "@babel/helper-split-export-declaration": "^7.12.13",
        "@babel/parser": "^7.13.0",
        "@babel/types": "^7.13.0",
        "debug": "^4.1.0",
        "globals": "^11.1.0",
        "lodash": "^4.17.19"
      }
    },
    "@babel/types": {
      "version": "7.13.12",
      "resolved": "https://registry.npmjs.org/@babel/types/-/types-7.13.12.tgz",
      "integrity": "sha512-K4nY2xFN4QMvQwkQ+zmBDp6ANMbVNw6BbxWmYA4qNjhR9W+Lj/8ky5MEY2Me5r+B2c6/v6F53oMndG+f9s3IiA==",
      "requires": {
        "@babel/helper-validator-identifier": "^7.12.11",
        "lodash": "^4.17.19",
        "to-fast-properties": "^2.0.0"
      }
    },
    "@fortawesome/fontawesome-common-types": {
      "version": "0.2.34",
      "resolved": "https://registry.npmjs.org/@fortawesome/fontawesome-common-types/-/fontawesome-common-types-0.2.34.tgz",
      "integrity": "sha512-XcIn3iYbTEzGIxD0/dY5+4f019jIcEIWBiHc3KrmK/ROahwxmZ/s+tdj97p/5K0klz4zZUiMfUlYP0ajhSJjmA=="
    },
    "@fortawesome/fontawesome-free": {
      "version": "5.15.2",
      "resolved": "https://registry.npmjs.org/@fortawesome/fontawesome-free/-/fontawesome-free-5.15.2.tgz",
      "integrity": "sha512-7l/AX41m609L/EXI9EKH3Vs3v0iA8tKlIOGtw+kgcoanI7p+e4I4GYLqW3UXWiTnjSFymKSmTTPKYrivzbxxqA=="
    },
    "@fortawesome/fontawesome-svg-core": {
      "version": "1.2.34",
      "resolved": "https://registry.npmjs.org/@fortawesome/fontawesome-svg-core/-/fontawesome-svg-core-1.2.34.tgz",
      "integrity": "sha512-0KNN0nc5eIzaJxlv43QcDmTkDY1CqeN6J7OCGSs+fwGPdtv0yOQqRjieopBCmw+yd7uD3N2HeNL3Zm5isDleLg==",
      "requires": {
        "@fortawesome/fontawesome-common-types": "^0.2.34"
      }
    },
    "@fortawesome/free-solid-svg-icons": {
      "version": "5.15.2",
      "resolved": "https://registry.npmjs.org/@fortawesome/free-solid-svg-icons/-/free-solid-svg-icons-5.15.2.tgz",
      "integrity": "sha512-ZfCU+QjaFsdNZmOGmfqEWhzI3JOe37x5dF4kz9GeXvKn/sTxhqMtZ7mh3lBf76SvcYY5/GKFuyG7p1r4iWMQqw==",
      "requires": {
        "@fortawesome/fontawesome-common-types": "^0.2.34"
      }
    },
    "@fortawesome/vue-fontawesome": {
      "version": "2.0.2",
      "resolved": "https://registry.npmjs.org/@fortawesome/vue-fontawesome/-/vue-fontawesome-2.0.2.tgz",
      "integrity": "sha512-ecpKSBUWXsxRJVi/dbOds4tkKwEcBQ1JSDZFzE2jTFpF8xIh3OgTX8POIor6bOltjibr3cdEyvnDjecMwUmxhQ=="
    },
    "@intlify/shared": {
      "version": "9.0.0",
      "resolved": "https://registry.npmjs.org/@intlify/shared/-/shared-9.0.0.tgz",
      "integrity": "sha512-0r4v7dnY8g/Jfx2swUWy2GyfH/WvIpWvkU4OIupvxDTWiE8RhcpbOCVvqpVh/xGi0proHQ/r2Dhc0QSItUsfDQ=="
    },
    "@intlify/vue-i18n-extensions": {
      "version": "1.0.2",
      "resolved": "https://registry.npmjs.org/@intlify/vue-i18n-extensions/-/vue-i18n-extensions-1.0.2.tgz",
      "integrity": "sha512-rnfA0ScyBXyp9xsSD4EAMGeOh1yv/AE7fhqdAdSOr5X8N39azz257umfRtzNT9sHXAKSSzpCVhIbMAkp5c/gjQ==",
      "requires": {
        "@babel/parser": "^7.9.6"
      }
    },
    "@intlify/vue-i18n-loader": {
      "version": "1.1.0",
      "resolved": "https://registry.npmjs.org/@intlify/vue-i18n-loader/-/vue-i18n-loader-1.1.0.tgz",
      "integrity": "sha512-9LXiztMtYKTE8t/hRwwGUp+ofrwU0sxLQLzFEOZ38zvn0DonUIQmZUj1cfz5p1Lu8BllxKbCrn6HnsRJ+LYA6g==",
      "requires": {
        "@intlify/shared": "^9.0.0",
        "js-yaml": "^3.13.1",
        "json5": "^2.1.1"
      },
      "dependencies": {
        "json5": {
          "version": "2.2.0",
          "resolved": "https://registry.npmjs.org/json5/-/json5-2.2.0.tgz",
          "integrity": "sha512-f+8cldu7X/y7RAJurMEJmdoKXGB/X550w2Nr3tTbezL6RwEE/iMcm+tZnXeoZtKuOq6ft8+CqzEkrIgx1fPoQA==",
          "requires": {
            "minimist": "^1.2.5"
          }
        }
      }
    },
    "@mdi/font": {
      "version": "5.9.55",
      "resolved": "https://registry.npmjs.org/@mdi/font/-/font-5.9.55.tgz",
      "integrity": "sha512-jswRF6q3eq8NWpWiqct6q+6Fg/I7nUhrxYJfiEM8JJpap0wVJLQdbKtyS65GdlK7S7Ytnx3TTi/bmw+tBhkGmg=="
    },
    "@mdi/js": {
      "version": "5.9.55",
      "resolved": "https://registry.npmjs.org/@mdi/js/-/js-5.9.55.tgz",
      "integrity": "sha512-BbeHMgeK2/vjdJIRnx12wvQ6s8xAYfvMmEAVsUx9b+7GiQGQ9Za8jpwp17dMKr9CgKRvemlAM4S7S3QOtEbp4A=="
    },
    "@nuxt/http": {
      "version": "0.6.4",
      "resolved": "https://registry.npmjs.org/@nuxt/http/-/http-0.6.4.tgz",
      "integrity": "sha512-7tVuqjac611WArO9oLrzJqx9SRdTNrMZqBBKHaFbmWsnaIZyxb8tJcYPcjUZe8m9zWGvPiGAyi1JnToAaw7dKA==",
      "requires": {
        "@nuxtjs/proxy": "^2.1.0",
        "abort-controller": "^3.0.0",
        "consola": "^2.15.0",
        "defu": "^3.2.2",
        "destr": "^1.0.1",
        "ky": "^0.25.1",
        "node-fetch": "^2.6.1",
        "web-streams-polyfill": "^3.0.1"
      }
    },
    "@nuxtjs/auth": {
      "version": "4.9.1",
      "resolved": "https://registry.npmjs.org/@nuxtjs/auth/-/auth-4.9.1.tgz",
      "integrity": "sha512-h5VZanq2+P47jq3t0EnsZv800cg/ufOPC6JqvcyeDFJM99p58jHSODAjDuePo3PrZxd8hovMk7zusU5lOHgjvQ==",
      "requires": {
        "@nuxtjs/axios": "^5.9.5",
        "body-parser": "^1.19.0",
        "consola": "^2.11.3",
        "cookie": "^0.4.0",
        "is-https": "^1.0.0",
        "js-cookie": "^2.2.1",
        "lodash": "^4.17.15",
        "nanoid": "^2.1.11"
      }
    },
    "@nuxtjs/axios": {
      "version": "5.13.1",
      "resolved": "https://registry.npmjs.org/@nuxtjs/axios/-/axios-5.13.1.tgz",
      "integrity": "sha512-vZpXV2AAkQ5Duejubt1k3ZgUnYowYnPvmcUt0hskd+OebmQ+jF6Wk6rOG0/9EeknOxm7mtTGgKSwdlE1jDo+xA==",
      "requires": {
        "@nuxtjs/proxy": "^2.1.0",
        "axios": "^0.21.1",
        "axios-retry": "^3.1.9",
        "consola": "^2.15.3",
        "defu": "^3.2.2"
      },
      "dependencies": {
        "consola": {
          "version": "2.15.3",
          "resolved": "https://registry.npmjs.org/consola/-/consola-2.15.3.tgz",
          "integrity": "sha512-9vAdYbHj6x2fLKC4+oPH0kFzY/orMZyG2Aj+kNylHxKGJ/Ed4dpNyAQYwJOdqO4zdM7XpVHmyejQDcQHrnuXbw=="
        }
      }
    },
    "@nuxtjs/proxy": {
      "version": "2.1.0",
      "resolved": "https://registry.npmjs.org/@nuxtjs/proxy/-/proxy-2.1.0.tgz",
      "integrity": "sha512-/qtoeqXgZ4Mg6LRg/gDUZQrFpOlOdHrol/vQYMnKu3aN3bP90UfOUB3QSDghUUK7OISAJ0xp8Ld78aHyCTcKCQ==",
      "requires": {
        "http-proxy-middleware": "^1.0.6"
      },
      "dependencies": {
        "braces": {
          "version": "3.0.2",
          "resolved": "https://registry.npmjs.org/braces/-/braces-3.0.2.tgz",
          "integrity": "sha512-b8um+L1RzM3WDSzvhm6gIz1yfTbBt6YTlcEKAvsmqCZZFw46z626lVj9j1yEPW33H5H+lBQpZMP1k8l+78Ha0A==",
          "requires": {
            "fill-range": "^7.0.1"
          }
        },
        "fill-range": {
          "version": "7.0.1",
          "resolved": "https://registry.npmjs.org/fill-range/-/fill-range-7.0.1.tgz",
          "integrity": "sha512-qOo9F+dMUmC2Lcb4BbVvnKJxTPjCm+RRpe4gDuGrzkL7mEVl/djYSu2OdQ2Pa302N4oqkSg9ir6jaLWJ2USVpQ==",
          "requires": {
            "to-regex-range": "^5.0.1"
          }
        },
        "http-proxy-middleware": {
          "version": "1.0.6",
          "resolved": "https://registry.npmjs.org/http-proxy-middleware/-/http-proxy-middleware-1.0.6.tgz",
          "integrity": "sha512-NyL6ZB6cVni7pl+/IT2W0ni5ME00xR0sN27AQZZrpKn1b+qRh+mLbBxIq9Cq1oGfmTc7BUq4HB77mxwCaxAYNg==",
          "requires": {
            "@types/http-proxy": "^1.17.4",
            "http-proxy": "^1.18.1",
            "is-glob": "^4.0.1",
            "lodash": "^4.17.20",
            "micromatch": "^4.0.2"
          }
        },
        "is-number": {
          "version": "7.0.0",
          "resolved": "https://registry.npmjs.org/is-number/-/is-number-7.0.0.tgz",
          "integrity": "sha512-41Cifkg6e8TylSpdtTpeLVMqvSBEVzTttHvERD741+pnZ8ANv0004MRL43QKPDlK9cGvNp6NZWZUBlbGXYxxng=="
        },
        "micromatch": {
          "version": "4.0.2",
          "resolved": "https://registry.npmjs.org/micromatch/-/micromatch-4.0.2.tgz",
          "integrity": "sha512-y7FpHSbMUMoyPbYUSzO6PaZ6FyRnQOpHuKwbo1G+Knck95XVU4QAiKdGEnj5wwoS7PlOgthX/09u5iFJ+aYf5Q==",
          "requires": {
            "braces": "^3.0.1",
            "picomatch": "^2.0.5"
          }
        },
        "to-regex-range": {
          "version": "5.0.1",
          "resolved": "https://registry.npmjs.org/to-regex-range/-/to-regex-range-5.0.1.tgz",
          "integrity": "sha512-65P7iz6X5yEr1cwcgvQxbbIw7Uk3gOy5dIdtZ4rDveLqhrdJP+Li/Hx6tyK0NEb+2GCyneCMJiGqrADCSNk8sQ==",
          "requires": {
            "is-number": "^7.0.0"
          }
        }
      }
    },
    "@nuxtjs/strapi": {
      "version": "0.3.0",
      "resolved": "https://registry.npmjs.org/@nuxtjs/strapi/-/strapi-0.3.0.tgz",
      "integrity": "sha512-BsETj8JvAJj/JKYOh4lwd+GElhz7UdZX5oiCfIa+l4hegn/I+MAtrscFqo0ATHksOITaH4D4H3G/FsOb65UUnw==",
      "requires": {
        "@nuxt/http": "^0.6.2",
        "cookie-universal-nuxt": "^2.1.4",
        "defu": "^3.2.2",
        "destr": "^1.0.1",
        "hookable": "^4.3.1",
        "ms": "^2.1.3",
        "requrl": "^3.0.2",
        "ufo": "^0.5.4"
      },
      "dependencies": {
        "ms": {
          "version": "2.1.3",
          "resolved": "https://registry.npmjs.org/ms/-/ms-2.1.3.tgz",
          "integrity": "sha512-6FlzubTLZG3J2a/NVCAleEhjzq5oxgHyaCU9yYXvcLsvoVaHJq/s5xXI6/XXP6tz7R9xAOtHnSO/tXtF3WRTlA=="
        }
      }
    },
    "@types/cookie": {
      "version": "0.3.3",
      "resolved": "https://registry.npmjs.org/@types/cookie/-/cookie-0.3.3.tgz",
      "integrity": "sha512-LKVP3cgXBT9RYj+t+9FDKwS5tdI+rPBXaNSkma7hvqy35lc7mAokC2zsqWJH0LaqIt3B962nuYI77hsJoT1gow=="
    },
    "@types/http-proxy": {
      "version": "1.17.5",
      "resolved": "https://registry.npmjs.org/@types/http-proxy/-/http-proxy-1.17.5.tgz",
      "integrity": "sha512-GNkDE7bTv6Sf8JbV2GksknKOsk7OznNYHSdrtvPJXO0qJ9odZig6IZKUi5RFGi6d1bf6dgIAe4uXi3DBc7069Q==",
      "requires": {
        "@types/node": "*"
      }
    },
    "@types/node": {
      "version": "14.14.35",
      "resolved": "https://registry.npmjs.org/@types/node/-/node-14.14.35.tgz",
      "integrity": "sha512-Lt+wj8NVPx0zUmUwumiVXapmaLUcAk3yPuHCFVXras9k5VT9TdhJqKqGVUQCD60OTMCl0qxJ57OiTL0Mic3Iag=="
    },
    "abbrev": {
      "version": "1.1.1",
      "resolved": "https://registry.npmjs.org/abbrev/-/abbrev-1.1.1.tgz",
      "integrity": "sha512-nne9/IiQ/hzIhY6pdDnbBtz7DjPTKrY00P/zvPSm5pOFkl6xuGrGnXn/VtTNNfNtAfZ9/1RtehkszU9qcTii0Q=="
    },
    "abort-controller": {
      "version": "3.0.0",
      "resolved": "https://registry.npmjs.org/abort-controller/-/abort-controller-3.0.0.tgz",
      "integrity": "sha512-h8lQ8tacZYnR3vNQTgibj+tODHI5/+l06Au2Pcriv/Gmet0eaj4TwWH41sO9wnHDiQsEj19q0drzdWdeAHtweg==",
      "requires": {
        "event-target-shim": "^5.0.0"
      }
    },
    "ansi-styles": {
      "version": "3.2.1",
      "resolved": "https://registry.npmjs.org/ansi-styles/-/ansi-styles-3.2.1.tgz",
      "integrity": "sha512-VT0ZI6kZRdTh8YyJw3SMbYm/u+NqfsAxEpWO0Pf9sq8/e94WxxOpPKx9FR1FlyCtOVDNOQ+8ntlqFxiRc+r5qA==",
      "requires": {
        "color-convert": "^1.9.0"
      }
    },
    "argparse": {
      "version": "1.0.10",
      "resolved": "https://registry.npmjs.org/argparse/-/argparse-1.0.10.tgz",
      "integrity": "sha512-o5Roy6tNG4SL/FOkCAN6RzjiakZS25RLYFrcMttJqbdd8BWrnA+fGz57iN5Pb06pvBGvl5gQ0B48dJlslXvoTg==",
      "requires": {
        "sprintf-js": "~1.0.2"
      }
    },
    "axios": {
      "version": "0.21.1",
      "resolved": "https://registry.npmjs.org/axios/-/axios-0.21.1.tgz",
      "integrity": "sha512-dKQiRHxGD9PPRIUNIWvZhPTPpl1rf/OxTYKsqKUDjBwYylTvV7SjSHJb9ratfyzM6wCdLCOYLzs73qpg5c4iGA==",
      "requires": {
        "follow-redirects": "^1.10.0"
      }
    },
    "axios-retry": {
      "version": "3.1.9",
      "resolved": "https://registry.npmjs.org/axios-retry/-/axios-retry-3.1.9.tgz",
      "integrity": "sha512-NFCoNIHq8lYkJa6ku4m+V1837TP6lCa7n79Iuf8/AqATAHYB0ISaAS1eyIenDOfHOLtym34W65Sjke2xjg2fsA==",
      "requires": {
        "is-retry-allowed": "^1.1.0"
      }
    },
    "balanced-match": {
      "version": "1.0.0",
      "resolved": "https://registry.npmjs.org/balanced-match/-/balanced-match-1.0.0.tgz",
      "integrity": "sha1-ibTRmasr7kneFk6gK4nORi1xt2c="
    },
    "body-parser": {
      "version": "1.19.0",
      "resolved": "https://registry.npmjs.org/body-parser/-/body-parser-1.19.0.tgz",
      "integrity": "sha512-dhEPs72UPbDnAQJ9ZKMNTP6ptJaionhP5cBb541nXPlW60Jepo9RV/a4fX4XWW9CuFNK22krhrj1+rgzifNCsw==",
      "requires": {
        "bytes": "3.1.0",
        "content-type": "~1.0.4",
        "debug": "2.6.9",
        "depd": "~1.1.2",
        "http-errors": "1.7.2",
        "iconv-lite": "0.4.24",
        "on-finished": "~2.3.0",
        "qs": "6.7.0",
        "raw-body": "2.4.0",
        "type-is": "~1.6.17"
      },
      "dependencies": {
        "bytes": {
          "version": "3.1.0",
          "resolved": "https://registry.npmjs.org/bytes/-/bytes-3.1.0.tgz",
          "integrity": "sha512-zauLjrfCG+xvoyaqLoV8bLVXXNGC4JqlxFCutSDWA6fJrTo2ZuvLYTqZ7aHBLZSMOopbzwv8f+wZcVzfVTI2Dg=="
        },
        "debug": {
          "version": "2.6.9",
          "resolved": "https://registry.npmjs.org/debug/-/debug-2.6.9.tgz",
          "integrity": "sha512-bC7ElrdJaJnPbAP+1EotYvqZsb3ecl5wi6Bfi6BJTUcNowp6cvspg0jXznRTKDjm/E7AdgFBVeAPVMNcKGsHMA==",
          "requires": {
            "ms": "2.0.0"
          }
        },
        "qs": {
          "version": "6.7.0",
          "resolved": "https://registry.npmjs.org/qs/-/qs-6.7.0.tgz",
          "integrity": "sha512-VCdBRNFTX1fyE7Nb6FYoURo/SPe62QCaAyzJvUjwRaIsc+NePBEniHlvxFmmX56+HZphIGtV0XeCirBtpDrTyQ=="
        }
      }
    },
    "brace-expansion": {
      "version": "1.1.11",
      "resolved": "https://registry.npmjs.org/brace-expansion/-/brace-expansion-1.1.11.tgz",
      "integrity": "sha512-iCuPHDFgrHX7H2vEI/5xpz07zSHB00TpugqhmYtVmMO6518mCuRMoOYFldEBl0g187ufozdaHgWKcYFb61qGiA==",
      "requires": {
        "balanced-match": "^1.0.0",
        "concat-map": "0.0.1"
      }
    },
    "call-bind": {
      "version": "1.0.2",
      "resolved": "https://registry.npmjs.org/call-bind/-/call-bind-1.0.2.tgz",
      "integrity": "sha512-7O+FbCihrB5WGbFYesctwmTKae6rOiIzmz1icreWJ+0aA7LJfuqhEso2T9ncpcFtzMQtzXf2QGGueWJGTYsqrA==",
      "requires": {
        "function-bind": "^1.1.1",
        "get-intrinsic": "^1.0.2"
      }
    },
    "chalk": {
      "version": "2.4.2",
      "resolved": "https://registry.npmjs.org/chalk/-/chalk-2.4.2.tgz",
      "integrity": "sha512-Mti+f9lpJNcwF4tWV8/OrTTtF1gZi+f8FqlyAdouralcFWFQWF2+NgCHShjkCb+IFBLq9buZwE1xckQU4peSuQ==",
      "requires": {
        "ansi-styles": "^3.2.1",
        "escape-string-regexp": "^1.0.5",
        "supports-color": "^5.3.0"
      },
      "dependencies": {
        "supports-color": {
          "version": "5.5.0",
          "resolved": "https://registry.npmjs.org/supports-color/-/supports-color-5.5.0.tgz",
          "integrity": "sha512-QjVjwdXIt408MIiAqCX4oUKsgU2EqAGzs2Ppkm4aQYbjm+ZEWEcW4SfFNTr4uMNZma0ey4f5lgLrkB0aX0QMow==",
          "requires": {
            "has-flag": "^3.0.0"
          }
        }
      }
    },
    "color-convert": {
      "version": "1.9.3",
      "resolved": "https://registry.npmjs.org/color-convert/-/color-convert-1.9.3.tgz",
      "integrity": "sha512-QfAUtd+vFdAtFQcC8CCyYt1fYWxSqAiK2cSD6zDB8N3cpsEBAvRxp9zOGg6G/SHHJYAT88/az/IuDGALsNVbGg==",
      "requires": {
        "color-name": "1.1.3"
      }
    },
    "color-name": {
      "version": "1.1.3",
      "resolved": "https://registry.npmjs.org/color-name/-/color-name-1.1.3.tgz",
      "integrity": "sha1-p9BVi9icQveV3UIyj3QIMcpTvCU="
    },
    "concat-map": {
      "version": "0.0.1",
      "resolved": "https://registry.npmjs.org/concat-map/-/concat-map-0.0.1.tgz",
      "integrity": "sha1-2Klr13/Wjfd5OnMDajug1UBdR3s="
    },
    "consola": {
      "version": "2.15.0",
      "resolved": "https://registry.npmjs.org/consola/-/consola-2.15.0.tgz",
      "integrity": "sha512-vlcSGgdYS26mPf7qNi+dCisbhiyDnrN1zaRbw3CSuc2wGOMEGGPsp46PdRG5gqXwgtJfjxDkxRNAgRPr1B77vQ=="
    },
    "content-type": {
      "version": "1.0.4",
      "resolved": "https://registry.npmjs.org/content-type/-/content-type-1.0.4.tgz",
      "integrity": "sha512-hIP3EEPs8tB9AT1L+NUqtwOAps4mk2Zob89MWXMHjHWg9milF/j4osnnQLXBCBFBk/tvIG/tUc9mOUJiPBhPXA=="
    },
    "cookie": {
      "version": "0.4.0",
      "resolved": "https://registry.npmjs.org/cookie/-/cookie-0.4.0.tgz",
      "integrity": "sha512-+Hp8fLp57wnUSt0tY0tHEXh4voZRDnoIrZPqlo3DPiI4y9lwg/jqx+1Om94/W6ZaPDOUbnjOt/99w66zk+l1Xg=="
    },
    "cookie-universal": {
      "version": "2.1.4",
      "resolved": "https://registry.npmjs.org/cookie-universal/-/cookie-universal-2.1.4.tgz",
      "integrity": "sha512-dwWXs7NGBzaBYDypu3jWH5M3NJW+zu5QdyJkFMHJvhLuyL4/eXG4105fwtTDwfIqyTunwVvQX4PHdtfPDS7URQ==",
      "requires": {
        "@types/cookie": "^0.3.3",
        "cookie": "^0.4.0"
      }
    },
    "cookie-universal-nuxt": {
      "version": "2.1.4",
      "resolved": "https://registry.npmjs.org/cookie-universal-nuxt/-/cookie-universal-nuxt-2.1.4.tgz",
      "integrity": "sha512-xbn4Ozs9S0u2+0mQTZRwGlBL9MGNq8N4H6iGfprR5ufZFCS2hGef++3DBHSmHXZi30Wu3Q7RI/GkNMhz3cecmg==",
      "requires": {
        "@types/cookie": "^0.3.3",
        "cookie-universal": "^2.1.4"
      }
    },
    "debounce": {
      "version": "1.2.0",
      "resolved": "https://registry.npmjs.org/debounce/-/debounce-1.2.0.tgz",
      "integrity": "sha512-mYtLl1xfZLi1m4RtQYlZgJUNQjl4ZxVnHzIR8nLLgi4q1YT8o/WM+MK/f8yfcc9s5Ir5zRaPZyZU6xs1Syoocg=="
    },
    "debug": {
      "version": "4.3.1",
      "resolved": "https://registry.npmjs.org/debug/-/debug-4.3.1.tgz",
      "integrity": "sha512-doEwdvm4PCeK4K3RQN2ZC2BYUBaxwLARCqZmMjtF8a51J2Rb0xpVloFRnCODwqjpwnAoao4pelN8l3RJdv3gRQ==",
      "requires": {
        "ms": "2.1.2"
      },
      "dependencies": {
        "ms": {
          "version": "2.1.2",
          "resolved": "https://registry.npmjs.org/ms/-/ms-2.1.2.tgz",
          "integrity": "sha512-sGkPx+VjMtmA6MX27oA4FBFELFCZZ4S4XqeGOXCv68tT+jb3vk/RyaKWP0PTKyWtmLSM0b+adUTEvbs1PEaH2w=="
        }
      }
    },
    "defu": {
      "version": "3.2.2",
      "resolved": "https://registry.npmjs.org/defu/-/defu-3.2.2.tgz",
      "integrity": "sha512-8UWj5lNv7HD+kB0e9w77Z7TdQlbUYDVWqITLHNqFIn6khrNHv5WQo38Dcm1f6HeNyZf0U7UbPf6WeZDSdCzGDQ=="
    },
    "depd": {
      "version": "1.1.2",
      "resolved": "https://registry.npmjs.org/depd/-/depd-1.1.2.tgz",
      "integrity": "sha1-m81S4UwJd2PnSbJ0xDRu0uVgtak="
    },
    "destr": {
      "version": "1.1.0",
      "resolved": "https://registry.npmjs.org/destr/-/destr-1.1.0.tgz",
      "integrity": "sha512-Ev/sqS5AzzDwlpor/5wFCDu0dYMQu/0x2D6XfAsQ0E7uQmamIgYJ6Dppo2T2EOFVkeVYWjc+PCLKaqZZ57qmLg=="
    },
    "downloadjs": {
      "version": "1.4.7",
      "resolved": "https://registry.npmjs.org/downloadjs/-/downloadjs-1.4.7.tgz",
      "integrity": "sha1-9p+W+UDg0FU9rCkROYZaPNAQHjw="
    },
    "dropzone": {
      "version": "5.7.2",
      "resolved": "https://registry.npmjs.org/dropzone/-/dropzone-5.7.2.tgz",
      "integrity": "sha512-m217bJHtf0J1IiKn4Tv6mnu1h5QvQNBnKZ39gma7hzGQhIZMxYq1vYEHs4AVd4ThFwmALys+52NAOD4zdLTG4w=="
    },
    "ee-first": {
      "version": "1.1.1",
      "resolved": "https://registry.npmjs.org/ee-first/-/ee-first-1.1.1.tgz",
      "integrity": "sha1-WQxhFWsK4vTwJVcyoViyZrxWsh0="
    },
    "escape-string-regexp": {
      "version": "1.0.5",
      "resolved": "https://registry.npmjs.org/escape-string-regexp/-/escape-string-regexp-1.0.5.tgz",
      "integrity": "sha1-G2HAViGQqN/2rjuyzwIAyhMLhtQ="
    },
    "esprima": {
      "version": "4.0.1",
      "resolved": "https://registry.npmjs.org/esprima/-/esprima-4.0.1.tgz",
      "integrity": "sha512-eGuFFw7Upda+g4p+QHvnW0RyTX/SVeJBDM/gCtMARO0cLuT2HcEKnTPvhjV6aGeqrCB/sbNop0Kszm0jsaWU4A=="
    },
    "event-target-shim": {
      "version": "5.0.1",
      "resolved": "https://registry.npmjs.org/event-target-shim/-/event-target-shim-5.0.1.tgz",
      "integrity": "sha512-i/2XbnSz/uxRCU6+NdVJgKWDTM427+MqYbkQzD321DuCQJUqOuJKIA0IM2+W2xtYHdKOmZ4dR6fExsd4SXL+WQ=="
    },
    "eventemitter3": {
      "version": "4.0.7",
      "resolved": "https://registry.npmjs.org/eventemitter3/-/eventemitter3-4.0.7.tgz",
      "integrity": "sha512-8guHBZCwKnFhYdHr2ysuRWErTwhoN2X8XELRlrRwpmfeY2jjuUN4taQMsULKUVo1K4DvZl+0pgfyoysHxvmvEw=="
    },
    "follow-redirects": {
      "version": "1.13.3",
      "resolved": "https://registry.npmjs.org/follow-redirects/-/follow-redirects-1.13.3.tgz",
      "integrity": "sha512-DUgl6+HDzB0iEptNQEXLx/KhTmDb8tZUHSeLqpnjpknR70H0nC2t9N73BK6fN4hOvJ84pKlIQVQ4k5FFlBedKA=="
    },
    "font-awesome": {
      "version": "4.7.0",
      "resolved": "https://registry.npmjs.org/font-awesome/-/font-awesome-4.7.0.tgz",
      "integrity": "sha1-j6jPBBGhoxr9B7BtKQK7n8gVoTM="
    },
    "fs": {
      "version": "0.0.1-security",
      "resolved": "https://registry.npmjs.org/fs/-/fs-0.0.1-security.tgz",
      "integrity": "sha1-invTcYa23d84E/I4WLV+yq9eQdQ=",
      "dev": true
    },
    "fs.realpath": {
      "version": "1.0.0",
      "resolved": "https://registry.npmjs.org/fs.realpath/-/fs.realpath-1.0.0.tgz",
      "integrity": "sha1-FQStJSMVjKpA20onh8sBQRmU6k8="
    },
    "function-bind": {
      "version": "1.1.1",
      "resolved": "https://registry.npmjs.org/function-bind/-/function-bind-1.1.1.tgz",
      "integrity": "sha512-yIovAzMX49sF8Yl58fSCWJ5svSLuaibPxXQJFLmBObTuCr0Mf1KiPopGM9NiFjiYBCbfaa2Fh6breQ6ANVTI0A=="
    },
    "get-intrinsic": {
      "version": "1.0.2",
      "resolved": "https://registry.npmjs.org/get-intrinsic/-/get-intrinsic-1.0.2.tgz",
      "integrity": "sha512-aeX0vrFm21ILl3+JpFFRNe9aUvp6VFZb2/CTbgLb8j75kOhvoNYjt9d8KA/tJG4gSo8nzEDedRl0h7vDmBYRVg==",
      "requires": {
        "function-bind": "^1.1.1",
        "has": "^1.0.3",
        "has-symbols": "^1.0.1"
      }
    },
    "glob": {
      "version": "7.1.6",
      "resolved": "https://registry.npmjs.org/glob/-/glob-7.1.6.tgz",
      "integrity": "sha512-LwaxwyZ72Lk7vZINtNNrywX0ZuLyStrdDtabefZKAY5ZGJhVtgdznluResxNmPitE0SAO+O26sWTHeKSI2wMBA==",
      "requires": {
        "fs.realpath": "^1.0.0",
        "inflight": "^1.0.4",
        "inherits": "2",
        "minimatch": "^3.0.4",
        "once": "^1.3.0",
        "path-is-absolute": "^1.0.0"
      }
    },
    "globals": {
      "version": "11.12.0",
      "resolved": "https://registry.npmjs.org/globals/-/globals-11.12.0.tgz",
      "integrity": "sha512-WOBp/EEGUiIsJSp7wcv/y6MO+lV9UoncWqxuFfm8eBwzWNgyfBd6Gz+IeKQ9jCmyhoH99g15M3T+QaVHFjizVA=="
    },
    "has": {
      "version": "1.0.3",
      "resolved": "https://registry.npmjs.org/has/-/has-1.0.3.tgz",
      "integrity": "sha512-f2dvO0VU6Oej7RkWJGrehjbzMAjFp5/VKPp5tTpWIV4JHHZK1/BxbFRtf/siA2SWTe09caDmVtYYzWEIbBS4zw==",
      "requires": {
        "function-bind": "^1.1.1"
      }
    },
    "has-flag": {
      "version": "3.0.0",
      "resolved": "https://registry.npmjs.org/has-flag/-/has-flag-3.0.0.tgz",
      "integrity": "sha1-tdRU3CGZriJWmfNGfloH87lVuv0="
    },
    "has-symbols": {
      "version": "1.0.1",
      "resolved": "https://registry.npmjs.org/has-symbols/-/has-symbols-1.0.1.tgz",
      "integrity": "sha512-PLcsoqu++dmEIZB+6totNFKq/7Do+Z0u4oT0zKOJNl3lYK6vGwwu2hjHs+68OEZbTjiUE9bgOABXbP/GvrS0Kg=="
    },
    "hookable": {
      "version": "4.4.1",
      "resolved": "https://registry.npmjs.org/hookable/-/hookable-4.4.1.tgz",
      "integrity": "sha512-KWjZM8C7IVT2qne5HTXjM6R6VnRfjfRlf/oCnHd+yFxoHO1DzOl6B9LzV/VqGQK/IrFewq+EG+ePVrE9Tpc3fg=="
    },
    "http-errors": {
      "version": "1.7.2",
      "resolved": "https://registry.npmjs.org/http-errors/-/http-errors-1.7.2.tgz",
      "integrity": "sha512-uUQBt3H/cSIVfch6i1EuPNy/YsRSOUBXTVfZ+yR7Zjez3qjBz6i9+i4zjNaoqcoFVI4lQJ5plg63TvGfRSDCRg==",
      "requires": {
        "depd": "~1.1.2",
        "inherits": "2.0.3",
        "setprototypeof": "1.1.1",
        "statuses": ">= 1.5.0 < 2",
        "toidentifier": "1.0.0"
      },
      "dependencies": {
        "inherits": {
          "version": "2.0.3",
          "resolved": "https://registry.npmjs.org/inherits/-/inherits-2.0.3.tgz",
          "integrity": "sha1-Yzwsg+PaQqUC9SRmAiSA9CCCYd4="
        }
      }
    },
    "http-proxy": {
      "version": "1.18.1",
      "resolved": "https://registry.npmjs.org/http-proxy/-/http-proxy-1.18.1.tgz",
      "integrity": "sha512-7mz/721AbnJwIVbnaSv1Cz3Am0ZLT/UBwkC92VlxhXv/k/BBQfM2fXElQNC27BVGr0uwUpplYPQM9LnaBMR5NQ==",
      "requires": {
        "eventemitter3": "^4.0.0",
        "follow-redirects": "^1.0.0",
        "requires-port": "^1.0.0"
      }
    },
    "iconv-lite": {
      "version": "0.4.24",
      "resolved": "https://registry.npmjs.org/iconv-lite/-/iconv-lite-0.4.24.tgz",
      "integrity": "sha512-v3MXnZAcvnywkTUEZomIActle7RXXeedOR31wwl7VlyoXO4Qi9arvSenNQWne1TcRwhCL1HwLI21bEqdpj8/rA==",
      "requires": {
        "safer-buffer": ">= 2.1.2 < 3"
      }
    },
    "inflight": {
      "version": "1.0.6",
      "resolved": "https://registry.npmjs.org/inflight/-/inflight-1.0.6.tgz",
      "integrity": "sha1-Sb1jMdfQLQwJvJEKEHW6gWW1bfk=",
      "requires": {
        "once": "^1.3.0",
        "wrappy": "1"
      }
    },
    "inherits": {
      "version": "2.0.4",
      "resolved": "https://registry.npmjs.org/inherits/-/inherits-2.0.4.tgz",
      "integrity": "sha512-k/vGaX4/Yla3WzyMCvTQOXYeIHvqOKtnqBduzTHpzpQZzAskKMhZ2K+EnBiSM9zGSoIFeMpXKxa4dYeZIQqewQ=="
    },
    "is-extglob": {
      "version": "2.1.1",
      "resolved": "https://registry.npmjs.org/is-extglob/-/is-extglob-2.1.1.tgz",
      "integrity": "sha1-qIwCU1eR8C7TfHahueqXc8gz+MI="
    },
    "is-glob": {
      "version": "4.0.1",
      "resolved": "https://registry.npmjs.org/is-glob/-/is-glob-4.0.1.tgz",
      "integrity": "sha512-5G0tKtBTFImOqDnLB2hG6Bp2qcKEFduo4tZu9MT/H6NQv/ghhy30o55ufafxJ/LdH79LLs2Kfrn85TLKyA7BUg==",
      "requires": {
        "is-extglob": "^2.1.1"
      }
    },
    "is-https": {
      "version": "1.0.0",
      "resolved": "https://registry.npmjs.org/is-https/-/is-https-1.0.0.tgz",
      "integrity": "sha512-1adLLwZT9XEXjzhQhZxd75uxf0l+xI9uTSFaZeSESjL3E1eXSPpO+u5RcgqtzeZ1KCaNvtEwZSTO2P4U5erVqQ=="
    },
    "is-retry-allowed": {
      "version": "1.2.0",
      "resolved": "https://registry.npmjs.org/is-retry-allowed/-/is-retry-allowed-1.2.0.tgz",
      "integrity": "sha512-RUbUeKwvm3XG2VYamhJL1xFktgjvPzL0Hq8C+6yrWIswDy3BIXGqCxhxkc30N9jqK311gVU137K8Ei55/zVJRg=="
    },
    "jalaali-js": {
      "version": "1.1.5",
      "resolved": "https://registry.npmjs.org/jalaali-js/-/jalaali-js-1.1.5.tgz",
      "integrity": "sha512-eS+zDRtz2JcGnVPWeng53rzlKU8tX2RWbJ1cqu1+eZHPEh1QL5ydB+pXD4RCf/zE3eKDN2bLQEjY0u/WIewMVQ=="
    },
    "js-cookie": {
      "version": "2.2.1",
      "resolved": "https://registry.npmjs.org/js-cookie/-/js-cookie-2.2.1.tgz",
      "integrity": "sha512-HvdH2LzI/EAZcUwA8+0nKNtWHqS+ZmijLA30RwZA0bo7ToCckjK5MkGhjED9KoRcXO6BaGI3I9UIzSA1FKFPOQ=="
    },
    "js-tokens": {
      "version": "4.0.0",
      "resolved": "https://registry.npmjs.org/js-tokens/-/js-tokens-4.0.0.tgz",
      "integrity": "sha512-RdJUflcE3cUzKiMqQgsCu06FPu9UdIJO0beYbPhHN4k6apgJtifcoCtT9bcxOpYBtpD2kCM6Sbzg4CausW/PKQ=="
    },
    "js-yaml": {
      "version": "3.14.1",
      "resolved": "https://registry.npmjs.org/js-yaml/-/js-yaml-3.14.1.tgz",
      "integrity": "sha512-okMH7OXXJ7YrN9Ok3/SXrnu4iX9yOk+25nqX4imS2npuvTYDmo/QEZoqwZkYaIDk3jVvBOTOIEgEhaLOynBS9g==",
      "requires": {
        "argparse": "^1.0.7",
        "esprima": "^4.0.0"
      }
    },
    "jsesc": {
      "version": "2.5.2",
      "resolved": "https://registry.npmjs.org/jsesc/-/jsesc-2.5.2.tgz",
      "integrity": "sha512-OYu7XEzjkCQ3C5Ps3QIZsQfNpqoJyZZA99wd9aWd05NCtC5pWOkShK2mkL6HXQR6/Cy2lbNdPlZBpuQHXE63gA=="
    },
    "klona": {
      "version": "2.0.4",
      "resolved": "https://registry.npmjs.org/klona/-/klona-2.0.4.tgz",
      "integrity": "sha512-ZRbnvdg/NxqzC7L9Uyqzf4psi1OM4Cuc+sJAkQPjO6XkQIJTNbfK2Rsmbw8fx1p2mkZdp2FZYo2+LwXYY/uwIA=="
    },
    "ky": {
      "version": "0.25.1",
      "resolved": "https://registry.npmjs.org/ky/-/ky-0.25.1.tgz",
      "integrity": "sha512-PjpCEWlIU7VpiMVrTwssahkYXX1by6NCT0fhTUX34F3DTinARlgMpriuroolugFPcMgpPWrOW4mTb984Qm1RXA=="
    },
    "lodash": {
      "version": "4.17.20",
      "resolved": "https://registry.npmjs.org/lodash/-/lodash-4.17.20.tgz",
      "integrity": "sha512-PlhdFcillOINfeV7Ni6oF1TAEayyZBoZ8bcshTHqOYJYlrqzRK5hagpagky5o4HfCzzd1TRkXPMFq6cKk9rGmA=="
    },
    "lodash-deep": {
      "version": "1.6.0",
      "resolved": "https://registry.npmjs.org/lodash-deep/-/lodash-deep-1.6.0.tgz",
      "integrity": "sha1-p85nJ1lHK5HRKxk8adiiSgLYQo0=",
      "requires": {
        "lodash": ">=2.4.1"
      }
    },
    "markdown": {
      "version": "0.5.0",
      "resolved": "https://registry.npmjs.org/markdown/-/markdown-0.5.0.tgz",
      "integrity": "sha1-KCBbVlqK51kt4gdGPWY33BgnIrI=",
      "requires": {
        "nopt": "~2.1.1"
      },
      "dependencies": {
        "nopt": {
          "version": "2.1.2",
          "resolved": "https://registry.npmjs.org/nopt/-/nopt-2.1.2.tgz",
          "integrity": "sha1-bMzZd7gBMqB3MdbozljCyDA8+a8=",
          "requires": {
            "abbrev": "1"
          }
        }
      }
    },
    "material-design-icons-iconfont": {
      "version": "5.0.1",
      "resolved": "https://registry.npmjs.org/material-design-icons-iconfont/-/material-design-icons-iconfont-5.0.1.tgz",
      "integrity": "sha512-Xg6rIdGrfySTqiTZ6d+nQbcFepS6R4uKbJP0oAqyeZXJY/bX6mZDnOmmUJusqLXfhIwirs0c++a6JpqVa8RFvA=="
    },
    "material-icons": {
      "version": "0.3.1",
      "resolved": "https://registry.npmjs.org/material-icons/-/material-icons-0.3.1.tgz",
      "integrity": "sha512-5Hbj76A6xDPcDZEbM4oxTknhWuMwGWnAHVLLPCEq9eVlcHb0fn4koU9ZeyMy1wjARtDEPAHfd5ZdL2Re5hf0zQ=="
    },
    "media-typer": {
      "version": "0.3.0",
      "resolved": "https://registry.npmjs.org/media-typer/-/media-typer-0.3.0.tgz",
      "integrity": "sha1-hxDXrwqmJvj/+hzgAWhUUmMlV0g="
    },
    "mime-db": {
      "version": "1.45.0",
      "resolved": "https://registry.npmjs.org/mime-db/-/mime-db-1.45.0.tgz",
      "integrity": "sha512-CkqLUxUk15hofLoLyljJSrukZi8mAtgd+yE5uO4tqRZsdsAJKv0O+rFMhVDRJgozy+yG6md5KwuXhD4ocIoP+w=="
    },
    "mime-types": {
      "version": "2.1.28",
      "resolved": "https://registry.npmjs.org/mime-types/-/mime-types-2.1.28.tgz",
      "integrity": "sha512-0TO2yJ5YHYr7M2zzT7gDU1tbwHxEUWBCLt0lscSNpcdAfFyJOVEpRYNS7EXVcTLNj/25QO8gulHC5JtTzSE2UQ==",
      "requires": {
        "mime-db": "1.45.0"
      }
    },
    "minimatch": {
      "version": "3.0.4",
      "resolved": "https://registry.npmjs.org/minimatch/-/minimatch-3.0.4.tgz",
      "integrity": "sha512-yJHVQEhyqPLUTgt9B83PXu6W3rx4MvvHvSUvToogpwoGDOUQ+yDrR0HRot+yOCdCO7u4hX3pWft6kWBBcqh0UA==",
      "requires": {
        "brace-expansion": "^1.1.7"
      }
    },
    "minimist": {
      "version": "1.2.5",
      "resolved": "https://registry.npmjs.org/minimist/-/minimist-1.2.5.tgz",
      "integrity": "sha512-FM9nNUYrRBAELZQT3xeZQ7fmMOBg6nWNmJKTcgsJeaLstP/UODVpGsr5OhXhhXg6f+qtJ8uiZ+PUxkDWcgIXLw=="
    },
    "moment": {
      "version": "2.29.1",
      "resolved": "https://registry.npmjs.org/moment/-/moment-2.29.1.tgz",
      "integrity": "sha512-kHmoybcPV8Sqy59DwNDY3Jefr64lK/by/da0ViFcuA4DH0vQg5Q6Ze5VimxkfQNSC+Mls/Kx53s7TjP1RhFEDQ=="
    },
    "moment-jalaali": {
      "version": "0.9.2",
      "resolved": "https://registry.npmjs.org/moment-jalaali/-/moment-jalaali-0.9.2.tgz",
      "integrity": "sha512-Z7dgu6NFnq9MhbAtwj0x7tHFXm+rzSu5Ju7Fc3RloqFQ/3zSJh8kuzxNdAp7cgMF/s/ydob+fAEJvQds/hz25g==",
      "requires": {
        "jalaali-js": "^1.1.0",
        "moment": "^2.22.2",
        "moment-timezone": "^0.5.21",
        "rimraf": "^2.6.2"
      }
    },
    "moment-timezone": {
      "version": "0.5.32",
      "resolved": "https://registry.npmjs.org/moment-timezone/-/moment-timezone-0.5.32.tgz",
      "integrity": "sha512-Z8QNyuQHQAmWucp8Knmgei8YNo28aLjJq6Ma+jy1ZSpSk5nyfRT8xgUbSQvD2+2UajISfenndwvFuH3NGS+nvA==",
      "requires": {
        "moment": ">= 2.9.0"
      }
    },
    "ms": {
      "version": "2.0.0",
      "resolved": "https://registry.npmjs.org/ms/-/ms-2.0.0.tgz",
      "integrity": "sha1-VgiurfwAvmwpAd9fmGF4jeDVl8g="
    },
    "nanoid": {
      "version": "2.1.11",
      "resolved": "https://registry.npmjs.org/nanoid/-/nanoid-2.1.11.tgz",
      "integrity": "sha512-s/snB+WGm6uwi0WjsZdaVcuf3KJXlfGl2LcxgwkEwJF0D/BWzVWAZW/XY4bFaiR7s0Jk3FPvlnepg1H1b1UwlA=="
    },
    "node-fetch": {
      "version": "2.6.1",
      "resolved": "https://registry.npmjs.org/node-fetch/-/node-fetch-2.6.1.tgz",
      "integrity": "sha512-V4aYg89jEoVRxRb2fJdAg8FHvI7cEyYdVAh94HH0UIK8oJxUfkjlDQN9RbMx+bEjP7+ggMiFRprSti032Oipxw=="
    },
    "nuxt-i18n": {
      "version": "6.21.1",
      "resolved": "https://registry.npmjs.org/nuxt-i18n/-/nuxt-i18n-6.21.1.tgz",
      "integrity": "sha512-zjqqUMJgIDDxrJDO5Ot3s8F1y71A4otTyGyf/RmQHptfY1HpvqwFx8087p5vUOI9XoRsGHSYB4n4wcMxurw+qA==",
      "requires": {
        "@babel/parser": "^7.5.5",
        "@babel/traverse": "^7.5.5",
        "@intlify/vue-i18n-extensions": "^1.0.1",
        "@intlify/vue-i18n-loader": "^1.0.0",
        "cookie": "^0.4.0",
        "is-https": "^3.0.0",
        "js-cookie": "^2.2.1",
        "klona": "^2.0.4",
        "vue-i18n": "^8.23.0"
      },
      "dependencies": {
        "is-https": {
          "version": "3.0.2",
          "resolved": "https://registry.npmjs.org/is-https/-/is-https-3.0.2.tgz",
          "integrity": "sha512-jFgAKhbNF7J+lTMJxbq5z9bf1V9f8rXn9mP5RSY2GUEW5M0nOiVhVC9dNra96hQDjGpNzskIzusUnXwngqmhAA=="
        }
      }
    },
    "nuxt-sweetalert2": {
      "version": "1.0.0",
      "resolved": "https://registry.npmjs.org/nuxt-sweetalert2/-/nuxt-sweetalert2-1.0.0.tgz",
      "integrity": "sha512-1BZlV2ddCj2LROmPcgkRV/K9O8+pVD/Z5sisbvhSiBDl6ynepfKDfWypo2P5EOirxst1H40EfkxyFuIKuqAY9g==",
      "requires": {
        "sweetalert2": "7.x"
      }
    },
    "object-inspect": {
      "version": "1.9.0",
      "resolved": "https://registry.npmjs.org/object-inspect/-/object-inspect-1.9.0.tgz",
      "integrity": "sha512-i3Bp9iTqwhaLZBxGkRfo5ZbE07BQRT7MGu8+nNgwW9ItGp1TzCTw2DLEoWwjClxBjOFI/hWljTAmYGCEwmtnOw=="
    },
    "on-finished": {
      "version": "2.3.0",
      "resolved": "https://registry.npmjs.org/on-finished/-/on-finished-2.3.0.tgz",
      "integrity": "sha1-IPEzZIGwg811M3mSoWlxqi2QaUc=",
      "requires": {
        "ee-first": "1.1.1"
      }
    },
    "once": {
      "version": "1.4.0",
      "resolved": "https://registry.npmjs.org/once/-/once-1.4.0.tgz",
      "integrity": "sha1-WDsap3WWHUsROsF9nFC6753Xa9E=",
      "requires": {
        "wrappy": "1"
      }
    },
    "path": {
      "version": "0.12.7",
      "resolved": "https://registry.npmjs.org/path/-/path-0.12.7.tgz",
      "integrity": "sha1-1NwqUGxM4hl+tIHr/NWzbAFAsQ8=",
      "requires": {
        "process": "^0.11.1",
        "util": "^0.10.3"
      }
    },
    "path-is-absolute": {
      "version": "1.0.1",
      "resolved": "https://registry.npmjs.org/path-is-absolute/-/path-is-absolute-1.0.1.tgz",
      "integrity": "sha1-F0uSaHNVNP+8es5r9TpanhtcX18="
    },
    "picomatch": {
      "version": "2.2.2",
      "resolved": "https://registry.npmjs.org/picomatch/-/picomatch-2.2.2.tgz",
      "integrity": "sha512-q0M/9eZHzmr0AulXyPwNfZjtwZ/RBZlbN3K3CErVrk50T2ASYI7Bye0EvekFY3IP1Nt2DHu0re+V2ZHIpMkuWg=="
    },
    "process": {
      "version": "0.11.10",
      "resolved": "https://registry.npmjs.org/process/-/process-0.11.10.tgz",
      "integrity": "sha1-czIwDoQBYb2j5podHZGn1LwW8YI="
    },
    "qs": {
      "version": "6.10.1",
      "resolved": "https://registry.npmjs.org/qs/-/qs-6.10.1.tgz",
      "integrity": "sha512-M528Hph6wsSVOBiYUnGf+K/7w0hNshs/duGsNXPUCLH5XAqjEtiPGwNONLV0tBH8NoGb0mvD5JubnUTrujKDTg==",
      "requires": {
        "side-channel": "^1.0.4"
      }
    },
    "raw-body": {
      "version": "2.4.0",
      "resolved": "https://registry.npmjs.org/raw-body/-/raw-body-2.4.0.tgz",
      "integrity": "sha512-4Oz8DUIwdvoa5qMJelxipzi/iJIi40O5cGV1wNYp5hvZP8ZN0T+jiNkL0QepXs+EsQ9XJ8ipEDoiH70ySUJP3Q==",
      "requires": {
        "bytes": "3.1.0",
        "http-errors": "1.7.2",
        "iconv-lite": "0.4.24",
        "unpipe": "1.0.0"
      },
      "dependencies": {
        "bytes": {
          "version": "3.1.0",
          "resolved": "https://registry.npmjs.org/bytes/-/bytes-3.1.0.tgz",
          "integrity": "sha512-zauLjrfCG+xvoyaqLoV8bLVXXNGC4JqlxFCutSDWA6fJrTo2ZuvLYTqZ7aHBLZSMOopbzwv8f+wZcVzfVTI2Dg=="
        }
      }
    },
    "requires-port": {
      "version": "1.0.0",
      "resolved": "https://registry.npmjs.org/requires-port/-/requires-port-1.0.0.tgz",
      "integrity": "sha1-kl0mAdOaxIXgkc8NpcbmlNw9yv8="
    },
    "requrl": {
      "version": "3.0.2",
      "resolved": "https://registry.npmjs.org/requrl/-/requrl-3.0.2.tgz",
      "integrity": "sha512-f3gjR6d8MhOpn46PP+DSJywbmxi95fxQm3coXBFwognjFLla9X6tr8BdNyaIKNOEkaRbRcm0/zYAqN19N1oyhg=="
    },
    "rimraf": {
      "version": "2.7.1",
      "resolved": "https://registry.npmjs.org/rimraf/-/rimraf-2.7.1.tgz",
      "integrity": "sha512-uWjbaKIK3T1OSVptzX7Nl6PvQ3qAGtKEtVRjRuazjfL3Bx5eI409VZSqgND+4UNnmzLVdPj9FqFJNPqBZFve4w==",
      "requires": {
        "glob": "^7.1.3"
      }
    },
    "safer-buffer": {
      "version": "2.1.2",
      "resolved": "https://registry.npmjs.org/safer-buffer/-/safer-buffer-2.1.2.tgz",
      "integrity": "sha512-YZo3K82SD7Riyi0E1EQPojLz7kpepnSQI9IyPbHHg1XXXevb5dJI7tpyN2ADxGcQbHG7vcyRHk0cbwqcQriUtg=="
    },
    "setprototypeof": {
      "version": "1.1.1",
      "resolved": "https://registry.npmjs.org/setprototypeof/-/setprototypeof-1.1.1.tgz",
      "integrity": "sha512-JvdAWfbXeIGaZ9cILp38HntZSFSo3mWg6xGcJJsd+d4aRMOqauag1C63dJfDw7OaMYwEbHMOxEZ1lqVRYP2OAw=="
    },
    "side-channel": {
      "version": "1.0.4",
      "resolved": "https://registry.npmjs.org/side-channel/-/side-channel-1.0.4.tgz",
      "integrity": "sha512-q5XPytqFEIKHkGdiMIrY10mvLRvnQh42/+GoBlFW3b2LXLE2xxJpZFdm94we0BaoV3RwJyGqg5wS7epxTv0Zvw==",
      "requires": {
        "call-bind": "^1.0.0",
        "get-intrinsic": "^1.0.2",
        "object-inspect": "^1.9.0"
      }
    },
    "source-map": {
      "version": "0.5.7",
      "resolved": "https://registry.npmjs.org/source-map/-/source-map-0.5.7.tgz",
      "integrity": "sha1-igOdLRAh0i0eoUyA2OpGi6LvP8w="
    },
    "sprintf-js": {
      "version": "1.0.3",
      "resolved": "https://registry.npmjs.org/sprintf-js/-/sprintf-js-1.0.3.tgz",
      "integrity": "sha1-BOaSb2YolTVPPdAVIDYzuFcpfiw="
    },
    "statuses": {
      "version": "1.5.0",
      "resolved": "https://registry.npmjs.org/statuses/-/statuses-1.5.0.tgz",
      "integrity": "sha1-Fhx9rBd2Wf2YEfQ3cfqZOBR4Yow="
    },
    "sweetalert2": {
      "version": "7.33.1",
      "resolved": "https://registry.npmjs.org/sweetalert2/-/sweetalert2-7.33.1.tgz",
      "integrity": "sha512-69KYtyhtxejFG0HDb8aVhAwbpAWPSTZwaL5vxDHgojErD2KeFxTmRgmkbiLtMC8UdTFXRmvTPtZTF4459MUb7w=="
    },
    "to-fast-properties": {
      "version": "2.0.0",
      "resolved": "https://registry.npmjs.org/to-fast-properties/-/to-fast-properties-2.0.0.tgz",
      "integrity": "sha1-3F5pjL0HkmW8c+A3doGk5Og/YW4="
    },
    "toidentifier": {
      "version": "1.0.0",
      "resolved": "https://registry.npmjs.org/toidentifier/-/toidentifier-1.0.0.tgz",
      "integrity": "sha512-yaOH/Pk/VEhBWWTlhI+qXxDFXlejDGcQipMlyxda9nthulaxLZUNcUqFxokp0vcYnvteJln5FNQDRrxj3YcbVw=="
    },
    "type-is": {
      "version": "1.6.18",
      "resolved": "https://registry.npmjs.org/type-is/-/type-is-1.6.18.tgz",
      "integrity": "sha512-TkRKr9sUTxEH8MdfuCSP7VizJyzRNMjj2J2do2Jr3Kym598JVdEksuzPQCnlFPW4ky9Q+iA+ma9BGm06XQBy8g==",
      "requires": {
        "media-typer": "0.3.0",
        "mime-types": "~2.1.24"
      }
    },
    "ufo": {
      "version": "0.5.4",
      "resolved": "https://registry.npmjs.org/ufo/-/ufo-0.5.4.tgz",
      "integrity": "sha512-JxWFr31rhXXufMQKpV2CxFNrc1p9//aqHguWR32M0jPQnw2TNK9sERd7Bic+ZSprlmDPRPR4yuSueLNT8hsdQA=="
    },
    "unpipe": {
      "version": "1.0.0",
      "resolved": "https://registry.npmjs.org/unpipe/-/unpipe-1.0.0.tgz",
      "integrity": "sha1-sr9O6FFKrmFltIF4KdIbLvSZBOw="
    },
    "util": {
      "version": "0.10.4",
      "resolved": "https://registry.npmjs.org/util/-/util-0.10.4.tgz",
      "integrity": "sha512-0Pm9hTQ3se5ll1XihRic3FDIku70C+iHUdT/W926rSgHV5QgXsYbKZN8MSC3tJtSkhuROzvsQjAaFENRXr+19A==",
      "requires": {
        "inherits": "2.0.3"
      },
      "dependencies": {
        "inherits": {
          "version": "2.0.3",
          "resolved": "https://registry.npmjs.org/inherits/-/inherits-2.0.3.tgz",
          "integrity": "sha1-Yzwsg+PaQqUC9SRmAiSA9CCCYd4="
        }
      }
    },
    "vee-validate": {
      "version": "3.4.5",
      "resolved": "https://registry.npmjs.org/vee-validate/-/vee-validate-3.4.5.tgz",
      "integrity": "sha512-ZEcLqOAZzSkMhDvPcTx0xcwVOijFnMW9J+BA20j+rDmo24T8RCCqVQyRwwrDrcWJZV2dRYl/yYNa2GB6UCoBvg=="
    },
    "vue": {
      "version": "2.6.12",
      "resolved": "https://registry.npmjs.org/vue/-/vue-2.6.12.tgz",
      "integrity": "sha512-uhmLFETqPPNyuLLbsKz6ioJ4q7AZHzD8ZVFNATNyICSZouqP2Sz0rotWQC8UNBF6VGSCs5abnKJoStA6JbCbfg=="
    },
    "vue-i18n": {
      "version": "8.24.2",
      "resolved": "https://registry.npmjs.org/vue-i18n/-/vue-i18n-8.24.2.tgz",
      "integrity": "sha512-+TkAPBQw4Cp2bQrSPtPNkhET7XcWYjjDt1UjWYQs+xbT41q5OAl1I3IZyhg0drjn1nlC1K0f8sLVB/nshUcF1Q=="
    },
    "vue-json-excel": {
      "version": "0.3.0",
      "resolved": "https://registry.npmjs.org/vue-json-excel/-/vue-json-excel-0.3.0.tgz",
      "integrity": "sha512-FrSh0tVUpw4K+ilLO8g0Qp52eFJw/hkk3rZPTEKo9qVkJgVfQtZwzj3UWc5ACYxA3jLk9HtjK+f9xKHCN4Kgag==",
      "requires": {
        "downloadjs": "^1.4.7"
      }
    },
    "vue-wysiwyg": {
      "version": "1.7.2",
      "resolved": "https://registry.npmjs.org/vue-wysiwyg/-/vue-wysiwyg-1.7.2.tgz",
      "integrity": "sha512-ypj9vqmGJTuM/YYC30+vRPWm6+UizBqvNHnIJr1l6k92eHA33q5ubE+WPfij8Qr8mK+wbaCwaVBO7dQqvxzSTQ==",
      "requires": {
        "debounce": "^1.1.0",
        "vue": "^2.5.13",
        "vue2-dropzone": "^3.0.4"
      }
    },
    "vue2-dropzone": {
      "version": "3.6.0",
      "resolved": "https://registry.npmjs.org/vue2-dropzone/-/vue2-dropzone-3.6.0.tgz",
      "integrity": "sha512-YXC1nCWIZvfa98e/i6h+EshZCkFSxFEh0Sxr9ODfThAPPDVhAzLLlz/4XIx0NGO1QeSy6htwSstte47R7vVhLQ==",
      "requires": {
        "dropzone": "^5.5.1"
      }
    },
    "web-streams-polyfill": {
      "version": "3.0.2",
      "resolved": "https://registry.npmjs.org/web-streams-polyfill/-/web-streams-polyfill-3.0.2.tgz",
      "integrity": "sha512-JTNkNbAKoSo8NKiqu2UUaqRFCDWWZaCOsXuJEsToWopikTA0YHKKUf91GNkS/SnD8JixOkJjVsiacNlrFnRECA=="
    },
    "wrappy": {
      "version": "1.0.2",
      "resolved": "https://registry.npmjs.org/wrappy/-/wrappy-1.0.2.tgz",
      "integrity": "sha1-tSQ9jz7BqjXxNkYFvA0QNuMKtp8="
    }
  }
}
